{
  "nodes": {
    "home-manager": {
      "inputs": {
        "nixpkgs": [
          "nixpkgs"
        ]
      },
      "locked": {
        "lastModified": 1764170585,
        "narHash": "sha256-fM7jNCNVnKuriJkHoqPCvH5sM1WtEu6PM/rOgWODbpQ=",
        "owner": "nix-community",
        "repo": "home-manager",
        "rev": "ceb884e4f3b160029ba6cf200bb2fc62047a3e9c",
        "type": "github"
      },
      "original": {
        "owner": "nix-community",
        "repo": "home-manager",
        "type": "github"
      }
    },
    "nixpkgs": {
      "locked": {
        "lastModified": 1763948260,
        "narHash": "sha256-dY9qLD0H0zOUgU3vWacPY6Qc421BeQAfm8kBuBtPVE0=",
        "owner": "NixOS",
        "repo": "nixpkgs",
        "rev": "1c8ba8d3f7634acac4a2094eef7c32ad9106532c",
        "type": "github"
      },
      "original": {
        "owner": "NixOS",
        "ref": "nixos-25.05",
        "repo": "nixpkgs",
        "type": "github"
      }
    },
    "root": {
      "inputs": {
        "home-manager": "home-manager",
        "nixpkgs": "nixpkgs"
      }
    }
  },
  "root": "root",
  "version": 7
}
